// !$*UTF8*$!
{
	archiveVersion = 1;
	classes = {
	};
	objectVersion = 46;
	objects = {

/* Begin PBXBuildFile section */
		FEFECEBF17E8ADA60094ABAA /* UIKit.framework in Frameworks */ = {isa = PBXBuildFile; fileRef = FEFECEBE17E8ADA60094ABAA /* UIKit.framework */; };
		FEFECEC117E8ADA60094ABAA /* Foundation.framework in Frameworks */ = {isa = PBXBuildFile; fileRef = FEFECEC017E8ADA60094ABAA /* Foundation.framework */; };
		FEFECEC317E8ADA60094ABAA /* CoreGraphics.framework in Frameworks */ = {isa = PBXBuildFile; fileRef = FEFECEC217E8ADA60094ABAA /* CoreGraphics.framework */; };
		FEFECEC917E8ADA60094ABAA /* InfoPlist.strings in Resources */ = {isa = PBXBuildFile; fileRef = FEFECEC717E8ADA60094ABAA /* InfoPlist.strings */; };
		FEFECECB17E8ADA60094ABAA /* main.m in Sources */ = {isa = PBXBuildFile; fileRef = FEFECECA17E8ADA60094ABAA /* main.m */; };
		FEFECECF17E8ADA60094ABAA /* MADAppDelegate.m in Sources */ = {isa = PBXBuildFile; fileRef = FEFECECE17E8ADA60094ABAA /* MADAppDelegate.m */; };
		FEFECED117E8ADA60094ABAA /* Default.png in Resources */ = {isa = PBXBuildFile; fileRef = FEFECED017E8ADA60094ABAA /* Default.png */; };
		FEFECED317E8ADA60094ABAA /* Default@2x.png in Resources */ = {isa = PBXBuildFile; fileRef = FEFECED217E8ADA60094ABAA /* Default@2x.png */; };
		FEFECED517E8ADA60094ABAA /* Default-568h@2x.png in Resources */ = {isa = PBXBuildFile; fileRef = FEFECED417E8ADA60094ABAA /* Default-568h@2x.png */; };
		FEFECED817E8ADA60094ABAA /* MADViewController.m in Sources */ = {isa = PBXBuildFile; fileRef = FEFECED717E8ADA60094ABAA /* MADViewController.m */; };
		FEFECEDB17E8ADA60094ABAA /* MADViewController.xib in Resources */ = {isa = PBXBuildFile; fileRef = FEFECED917E8ADA60094ABAA /* MADViewController.xib */; };
		FEFECEE617E8ADBE0094ABAA /* Beatles_Abbey_Road_icon.png in Resources */ = {isa = PBXBuildFile; fileRef = FEFECEE117E8ADBE0094ABAA /* Beatles_Abbey_Road_icon.png */; };
		FEFECEE717E8ADBE0094ABAA /* Beatles_Abbey_Road_icon@2x.png in Resources */ = {isa = PBXBuildFile; fileRef = FEFECEE217E8ADBE0094ABAA /* Beatles_Abbey_Road_icon@2x.png */; };
		FEFECEE817E8ADBE0094ABAA /* Beatles_Abbey_Road.png in Resources */ = {isa = PBXBuildFile; fileRef = FEFECEE317E8ADBE0094ABAA /* Beatles_Abbey_Road.png */; };
		FEFECEE917E8ADBE0094ABAA /* beatles1.png in Resources */ = {isa = PBXBuildFile; fileRef = FEFECEE417E8ADBE0094ABAA /* beatles1.png */; };
		FEFECEEA17E8ADBE0094ABAA /* beatles2.png in Resources */ = {isa = PBXBuildFile; fileRef = FEFECEE517E8ADBE0094ABAA /* beatles2.png */; };
		FEFECEEC17E8ADCD0094ABAA /* Beatles_Abbey_Road_icon@2x.png in Resources */ = {isa = PBXBuildFile; fileRef = FEFECEEB17E8ADCD0094ABAA /* Beatles_Abbey_Road_icon@2x.png */; };
		FEFECEEE17E8ADE10094ABAA /* Beatles_Abbey_Road_icon.png in Resources */ = {isa = PBXBuildFile; fileRef = FEFECEED17E8ADE10094ABAA /* Beatles_Abbey_Road_icon.png */; };
/* End PBXBuildFile section */

/* Begin PBXFileReference section */
		FEFECEBB17E8ADA60094ABAA /* lab4.app */ = {isa = PBXFileReference; explicitFileType = wrapper.application; includeInIndex = 0; path = lab4.app; sourceTree = BUILT_PRODUCTS_DIR; };
		FEFECEBE17E8ADA60094ABAA /* UIKit.framework */ = {isa = PBXFileReference; lastKnownFileType = wrapper.framework; name = UIKit.framework; path = System/Library/Frameworks/UIKit.framework; sourceTree = SDKROOT; };
		FEFECEC017E8ADA60094ABAA /* Foundation.framework */ = {isa = PBXFileReference; lastKnownFileType = wrapper.framework; name = Foundation.framework; path = System/Library/Frameworks/Foundation.framework; sourceTree = SDKROOT; };
		FEFECEC217E8ADA60094ABAA /* CoreGraphics.framework */ = {isa = PBXFileReference; lastKnownFileType = wrapper.framework; name = CoreGraphics.framework; path = System/Library/Frameworks/CoreGraphics.framework; sourceTree = SDKROOT; };
		FEFECEC617E8ADA60094ABAA /* lab4-Info.plist */ = {isa = PBXFileReference; lastKnownFileType = text.plist.xml; path = "lab4-Info.plist"; sourceTree = "<group>"; };
		FEFECEC817E8ADA60094ABAA /* en */ = {isa = PBXFileReference; lastKnownFileType = text.plist.strings; name = en; path = en.lproj/InfoPlist.strings; sourceTree = "<group>"; };
		FEFECECA17E8ADA60094ABAA /* main.m */ = {isa = PBXFileReference; lastKnownFileType = sourcecode.c.objc; path = main.m; sourceTree = "<group>"; };
		FEFECECC17E8ADA60094ABAA /* lab4-Prefix.pch */ = {isa = PBXFileReference; lastKnownFileType = sourcecode.c.h; path = "lab4-Prefix.pch"; sourceTree = "<group>"; };
		FEFECECD17E8ADA60094ABAA /* MADAppDelegate.h */ = {isa = PBXFileReference; lastKnownFileType = sourcecode.c.h; path = MADAppDelegate.h; sourceTree = "<group>"; };
		FEFECECE17E8ADA60094ABAA /* MADAppDelegate.m */ = {isa = PBXFileReference; lastKnownFileType = sourcecode.c.objc; path = MADAppDelegate.m; sourceTree = "<group>"; };
		FEFECED017E8ADA60094ABAA /* Default.png */ = {isa = PBXFileReference; lastKnownFileType = image.png; path = Default.png; sourceTree = "<group>"; };
		FEFECED217E8ADA60094ABAA /* Default@2x.png */ = {isa = PBXFileReference; lastKnownFileType = image.png; path = "Default@2x.png"; sourceTree = "<group>"; };
		FEFECED417E8ADA60094ABAA /* Default-568h@2x.png */ = {isa = PBXFileReference; lastKnownFileType = image.png; path = "Default-568h@2x.png"; sourceTree = "<group>"; };
		FEFECED617E8ADA60094ABAA /* MADViewController.h */ = {isa = PBXFileReference; lastKnownFileType = sourcecode.c.h; path = MADViewController.h; sourceTree = "<group>"; };
		FEFECED717E8ADA60094ABAA /* MADViewController.m */ = {isa = PBXFileReference; lastKnownFileType = sourcecode.c.objc; path = MADViewController.m; sourceTree = "<group>"; };
		FEFECEDA17E8ADA60094ABAA /* en */ = {isa = PBXFileReference; lastKnownFileType = file.xib; name = en; path = en.lproj/MADViewController.xib; sourceTree = "<group>"; };
		FEFECEE117E8ADBE0094ABAA /* Beatles_Abbey_Road_icon.png */ = {isa = PBXFileReference; lastKnownFileType = image.png; path = Beatles_Abbey_Road_icon.png; sourceTree = "<group>"; };
		FEFECEE217E8ADBE0094ABAA /* Beatles_Abbey_Road_icon@2x.png */ = {isa = PBXFileReference; lastKnownFileType = image.png; path = "Beatles_Abbey_Road_icon@2x.png"; sourceTree = "<group>"; };
		FEFECEE317E8ADBE0094ABAA /* Beatles_Abbey_Road.png */ = {isa = PBXFileReference; lastKnownFileType = image.png; path = Beatles_Abbey_Road.png; sourceTree = "<group>"; };
		FEFECEE417E8ADBE0094ABAA /* beatles1.png */ = {isa = PBXFileReference; lastKnownFileType = image.png; path = beatles1.png; sourceTree = "<group>"; };
		FEFECEE517E8ADBE0094ABAA /* beatles2.png */ = {isa = PBXFileReference; lastKnownFileType = image.png; path = beatles2.png; sourceTree = "<group>"; };
		FEFECEEB17E8ADCD0094ABAA /* Beatles_Abbey_Road_icon@2x.png */ = {isa = PBXFileReference; lastKnownFileType = image.png; path = "Beatles_Abbey_Road_icon@2x.png"; sourceTree = "<group>"; };
		FEFECEED17E8ADE10094ABAA /* Beatles_Abbey_Road_icon.png */ = {isa = PBXFileReference; lastKnownFileType = image.png; path = Beatles_Abbey_Road_icon.png; sourceTree = "<group>"; };
/* End PBXFileReference section */

/* Begin PBXFrameworksBuildPhase section */
		FEFECEB817E8ADA60094ABAA /* Frameworks */ = {
			isa = PBXFrameworksBuildPhase;
			buildActionMask = 2147483647;
			files = (
				FEFECEBF17E8ADA60094ABAA /* UIKit.framework in Frameworks */,
				FEFECEC117E8ADA60094ABAA /* Foundation.framework in Frameworks */,
				FEFECEC317E8ADA60094ABAA /* CoreGraphics.framework in Frameworks */,
			);
			runOnlyForDeploymentPostprocessing = 0;
		};
/* End PBXFrameworksBuildPhase section */

/* Begin PBXGroup section */
		FEFECEB217E8ADA60094ABAA = {
			isa = PBXGroup;
			children = (
				FEFECEED17E8ADE10094ABAA /* Beatles_Abbey_Road_icon.png */,
				FEFECEEB17E8ADCD0094ABAA /* Beatles_Abbey_Road_icon@2x.png */,
				FEFECEC417E8ADA60094ABAA /* lab4 */,
				FEFECEBD17E8ADA60094ABAA /* Frameworks */,
				FEFECEBC17E8ADA60094ABAA /* Products */,
			);
			sourceTree = "<group>";
		};
		FEFECEBC17E8ADA60094ABAA /* Products */ = {
			isa = PBXGroup;
			children = (
				FEFECEBB17E8ADA60094ABAA /* lab4.app */,
			);
			name = Products;
			sourceTree = "<group>";
		};
		FEFECEBD17E8ADA60094ABAA /* Frameworks */ = {
			isa = PBXGroup;
			children = (
				FEFECEBE17E8ADA60094ABAA /* UIKit.framework */,
				FEFECEC017E8ADA60094ABAA /* Foundation.framework */,
				FEFECEC217E8ADA60094ABAA /* CoreGraphics.framework */,
			);
			name = Frameworks;
			sourceTree = "<group>";
		};
		FEFECEC417E8ADA60094ABAA /* lab4 */ = {
			isa = PBXGroup;
			children = (
				FEFECECD17E8ADA60094ABAA /* MADAppDelegate.h */,
				FEFECECE17E8ADA60094ABAA /* MADAppDelegate.m */,
				FEFECED617E8ADA60094ABAA /* MADViewController.h */,
				FEFECED717E8ADA60094ABAA /* MADViewController.m */,
				FEFECED917E8ADA60094ABAA /* MADViewController.xib */,
				FEFECEC517E8ADA60094ABAA /* Supporting Files */,
			);
			path = lab4;
			sourceTree = "<group>";
		};
		FEFECEC517E8ADA60094ABAA /* Supporting Files */ = {
			isa = PBXGroup;
			children = (
				FEFECEC617E8ADA60094ABAA /* lab4-Info.plist */,
				FEFECEC717E8ADA60094ABAA /* InfoPlist.strings */,
				FEFECECA17E8ADA60094ABAA /* main.m */,
				FEFECECC17E8ADA60094ABAA /* lab4-Prefix.pch */,
				FEFECEE117E8ADBE0094ABAA /* Beatles_Abbey_Road_icon.png */,
				FEFECEE217E8ADBE0094ABAA /* Beatles_Abbey_Road_icon@2x.png */,
				FEFECEE317E8ADBE0094ABAA /* Beatles_Abbey_Road.png */,
				FEFECEE417E8ADBE0094ABAA /* beatles1.png */,
				FEFECEE517E8ADBE0094ABAA /* beatles2.png */,
				FEFECED017E8ADA60094ABAA /* Default.png */,
				FEFECED217E8ADA60094ABAA /* Default@2x.png */,
				FEFECED417E8ADA60094ABAA /* Default-568h@2x.png */,
			);
			name = "Supporting Files";
			sourceTree = "<group>";
		};
/* End PBXGroup section */

/* Begin PBXNativeTarget section */
		FEFECEBA17E8ADA60094ABAA /* lab4 */ = {
			isa = PBXNativeTarget;
			buildConfigurationList = FEFECEDE17E8ADA60094ABAA /* Build configuration list for PBXNativeTarget "lab4" */;
			buildPhases = (
				FEFECEB717E8ADA60094ABAA /* Sources */,
				FEFECEB817E8ADA60094ABAA /* Frameworks */,
				FEFECEB917E8ADA60094ABAA /* Resources */,
			);
			buildRules = (
			);
			dependencies = (
			);
			name = lab4;
			productName = lab4;
			productReference = FEFECEBB17E8ADA60094ABAA /* lab4.app */;
			productType = "com.apple.product-type.application";
		};
/* End PBXNativeTarget section */

/* Begin PBXProject section */
		FEFECEB317E8ADA60094ABAA /* Project object */ = {
			isa = PBXProject;
			attributes = {
				CLASSPREFIX = MAD;
				LastUpgradeCheck = 0460;
				ORGANIZATIONNAME = "Justin Richard Powell";
			};
			buildConfigurationList = FEFECEB617E8ADA60094ABAA /* Build configuration list for PBXProject "lab4" */;
			compatibilityVersion = "Xcode 3.2";
			developmentRegion = English;
			hasScannedForEncodings = 0;
			knownRegions = (
				en,
			);
			mainGroup = FEFECEB217E8ADA60094ABAA;
			productRefGroup = FEFECEBC17E8ADA60094ABAA /* Products */;
			projectDirPath = "";
			projectRoot = "";
			targets = (
				FEFECEBA17E8ADA60094ABAA /* lab4 */,
			);
		};
/* End PBXProject section */

/* Begin PBXResourcesBuildPhase section */
		FEFECEB917E8ADA60094ABAA /* Resources */ = {
			isa = PBXResourcesBuildPhase;
			buildActionMask = 2147483647;
			files = (
				FEFECEC917E8ADA60094ABAA /* InfoPlist.strings in Resources */,
				FEFECED117E8ADA60094ABAA /* Default.png in Resources */,
				FEFECED317E8ADA60094ABAA /* Default@2x.png in Resources */,
				FEFECED517E8ADA60094ABAA /* Default-568h@2x.png in Resources */,
				FEFECEDB17E8ADA60094ABAA /* MADViewController.xib in Resources */,
				FEFECEE617E8ADBE0094ABAA /* Beatles_Abbey_Road_icon.png in Resources */,
				FEFECEE717E8ADBE0094ABAA /* Beatles_Abbey_Road_icon@2x.png in Resources */,
				FEFECEE817E8ADBE0094ABAA /* Beatles_Abbey_Road.png in Resources */,
				FEFECEE917E8ADBE0094ABAA /* beatles1.png in Resources */,
				FEFECEEA17E8ADBE0094ABAA /* beatles2.png in Resources */,
				FEFECEEC17E8ADCD0094ABAA /* Beatles_Abbey_Road_icon@2x.png in Resources */,
				FEFECEEE17E8ADE10094ABAA /* Beatles_Abbey_Road_icon.png in Resources */,
			);
			runOnlyForDeploymentPostprocessing = 0;
		};
/* End PBXResourcesBuildPhase section */

/* Begin PBXSourcesBuildPhase section */
		FEFECEB717E8ADA60094ABAA /* Sources */ = {
			isa = PBXSourcesBuildPhase;
			buildActionMask = 2147483647;
			files = (
				FEFECECB17E8ADA60094ABAA /* main.m in Sources */,
				FEFECECF17E8ADA60094ABAA /* MADAppDelegate.m in Sources */,
				FEFECED817E8ADA60094ABAA /* MADViewController.m in Sources */,
			);
			runOnlyForDeploymentPostprocessing = 0;
		};
/* End PBXSourcesBuildPhase section */

/* Begin PBXVariantGroup section */
		FEFECEC717E8ADA60094ABAA /* InfoPlist.strings */ = {
			isa = PBXVariantGroup;
			children = (
				FEFECEC817E8ADA60094ABAA /* en */,
			);
			name = InfoPlist.strings;
			sourceTree = "<group>";
		};
		FEFECED917E8ADA60094ABAA /* MADViewController.xib */ = {
			isa = PBXVariantGroup;
			children = (
				FEFECEDA17E8ADA60094ABAA /* en */,
			);
			name = MADViewController.xib;
			sourceTree = "<group>";
		};
/* End PBXVariantGroup section */

/* Begin XCBuildConfiguration section */
		FEFECEDC17E8ADA60094ABAA /* Debug */ = {
			isa = XCBuildConfiguration;
			buildSettings = {
				ALWAYS_SEARCH_USER_PATHS = NO;
				CLANG_CXX_LANGUAGE_STANDARD = "gnu++0x";
				CLANG_CXX_LIBRARY = "libc++";
				CLANG_ENABLE_OBJC_ARC = YES;
				CLANG_WARN_CONSTANT_CONVERSION = YES;
				CLANG_WARN_EMPTY_BODY = YES;
				CLANG_WARN_ENUM_CONVERSION = YES;
				CLANG_WARN_INT_CONVERSION = YES;
				CLANG_WARN__DUPLICATE_METHOD_MATCH = YES;
				"CODE_SIGN_IDENTITY[sdk=iphoneos*]" = "iPhone Developer";
				COPY_PHASE_STRIP = NO;
				GCC_C_LANGUAGE_STANDARD = gnu99;
				GCC_DYNAMIC_NO_PIC = NO;
				GCC_OPTIMIZATION_LEVEL = 0;
				GCC_PREPROCESSOR_DEFINITIONS = (
					"DEBUG=1",
					"$(inherited)",
				);
				GCC_SYMBOLS_PRIVATE_EXTERN = NO;
				GCC_WARN_ABOUT_RETURN_TYPE = YES;
				GCC_WARN_UNINITIALIZED_AUTOS = YES;
				GCC_WARN_UNUSED_VARIABLE = YES;
				IPHONEOS_DEPLOYMENT_TARGET = 6.1;
				ONLY_ACTIVE_ARCH = YES;
				SDKROOT = iphoneos;
			};
			name = Debug;
		};
		FEFECEDD17E8ADA60094ABAA /* Release */ = {
			isa = XCBuildConfiguration;
			buildSettings = {
				ALWAYS_SEARCH_USER_PATHS = NO;
				CLANG_CXX_LANGUAGE_STANDARD = "gnu++0x";
				CLANG_CXX_LIBRARY = "libc++";
				CLANG_ENABLE_OBJC_ARC = YES;
				CLANG_WARN_CONSTANT_CONVERSION = YES;
				CLANG_WARN_EMPTY_BODY = YES;
				CLANG_WARN_ENUM_CONVERSION = YES;
				CLANG_WARN_INT_CONVERSION = YES;
				CLANG_WARN__DUPLICATE_METHOD_MATCH = YES;
				"CODE_SIGN_IDENTITY[sdk=iphoneos*]" = "iPhone Developer";
				COPY_PHASE_STRIP = YES;
				GCC_C_LANGUAGE_STANDARD = gnu99;
				GCC_WARN_ABOUT_RETURN_TYPE = YES;
				GCC_WARN_UNINITIALIZED_AUTOS = YES;
				GCC_WARN_UNUSED_VARIABLE = YES;
				IPHONEOS_DEPLOYMENT_TARGET = 6.1;
				OTHER_CFLAGS = "-DNS_BLOCK_ASSERTIONS=1";
				SDKROOT = iphoneos;
				VALIDATE_PRODUCT = YES;
			};
			name = Release;
		};
		FEFECEDF17E8ADA60094ABAA /* Debug */ = {
			isa = XCBuildConfiguration;
			buildSettings = {
				GCC_PRECOMPILE_PREFIX_HEADER = YES;
				GCC_PREFIX_HEADER = "lab4/lab4-Prefix.pch";
				INFOPLIST_FILE = "lab4/lab4-Info.plist";
				PRODUCT_NAME = "$(TARGET_NAME)";
				WRAPPER_EXTENSION = app;
			};
			name = Debug;
		};
		FEFECEE017E8ADA60094ABAA /* Release */ = {
			isa = XCBuildConfiguration;
			buildSettings = {
				GCC_PRECOMPILE_PREFIX_HEADER = YES;
				GCC_PREFIX_HEADER = "lab4/lab4-Prefix.pch";
				INFOPLIST_FILE = "lab4/lab4-Info.plist";
				PRODUCT_NAME = "$(TARGET_NAME)";
				WRAPPER_EXTENSION = app;
			};
			name = Release;
		};
/* End XCBuildConfiguration section */

/* Begin XCConfigurationList section */
		FEFECEB617E8ADA60094ABAA /* Build configuration list for PBXProject "lab4" */ = {
			isa = XCConfigurationList;
			buildConfigurations = (
				FEFECEDC17E8ADA60094ABAA /* Debug */,
				FEFECEDD17E8ADA60094ABAA /* Release */,
			);
			defaultConfigurationIsVisible = 0;
			defaultConfigurationName = Release;
		};
		FEFECEDE17E8ADA60094ABAA /* Build configuration list for PBXNativeTarget "lab4" */ = {
			isa = XCConfigurationList;
			buildConfigurations = (
				FEFECEDF17E8ADA60094ABAA /* Debug */,
				FEFECEE017E8ADA60094ABAA /* Release */,
			);
			defaultConfigurationIsVisible = 0;
		};
/* End XCConfigurationList section */
	};
	rootObject = FEFECEB317E8ADA60094ABAA /* Project object */;
}
