// !$*UTF8*$!
{
	archiveVersion = 1;
	classes = {
	};
	objectVersion = 46;
	objects = {

/* Begin PBXBuildFile section */
		5C8BFB00182D74F800CAE6C0 /* UIKit.framework in Frameworks */ = {isa = PBXBuildFile; fileRef = 5C8BFAFF182D74F800CAE6C0 /* UIKit.framework */; };
		5C8BFB02182D74F800CAE6C0 /* Foundation.framework in Frameworks */ = {isa = PBXBuildFile; fileRef = 5C8BFB01182D74F800CAE6C0 /* Foundation.framework */; };
		5C8BFB04182D74F800CAE6C0 /* CoreGraphics.framework in Frameworks */ = {isa = PBXBuildFile; fileRef = 5C8BFB03182D74F800CAE6C0 /* CoreGraphics.framework */; };
		5C8BFB0A182D74F800CAE6C0 /* InfoPlist.strings in Resources */ = {isa = PBXBuildFile; fileRef = 5C8BFB08182D74F800CAE6C0 /* InfoPlist.strings */; };
		5C8BFB0C182D74F800CAE6C0 /* main.m in Sources */ = {isa = PBXBuildFile; fileRef = 5C8BFB0B182D74F800CAE6C0 /* main.m */; };
		5C8BFB10182D74F800CAE6C0 /* MADAppDelegate.m in Sources */ = {isa = PBXBuildFile; fileRef = 5C8BFB0F182D74F800CAE6C0 /* MADAppDelegate.m */; };
		5C8BFB12182D74F800CAE6C0 /* Default.png in Resources */ = {isa = PBXBuildFile; fileRef = 5C8BFB11182D74F800CAE6C0 /* Default.png */; };
		5C8BFB14182D74F800CAE6C0 /* Default@2x.png in Resources */ = {isa = PBXBuildFile; fileRef = 5C8BFB13182D74F800CAE6C0 /* Default@2x.png */; };
		5C8BFB16182D74F800CAE6C0 /* Default-568h@2x.png in Resources */ = {isa = PBXBuildFile; fileRef = 5C8BFB15182D74F800CAE6C0 /* Default-568h@2x.png */; };
		5C8BFB1C182D74F800CAE6C0 /* MADFirstViewController.m in Sources */ = {isa = PBXBuildFile; fileRef = 5C8BFB1B182D74F800CAE6C0 /* MADFirstViewController.m */; };
		5C8BFB1E182D74F800CAE6C0 /* first.png in Resources */ = {isa = PBXBuildFile; fileRef = 5C8BFB1D182D74F800CAE6C0 /* first.png */; };
		5C8BFB20182D74F800CAE6C0 /* first@2x.png in Resources */ = {isa = PBXBuildFile; fileRef = 5C8BFB1F182D74F800CAE6C0 /* first@2x.png */; };
		5C8BFB23182D74F800CAE6C0 /* MADSecondViewController.m in Sources */ = {isa = PBXBuildFile; fileRef = 5C8BFB22182D74F800CAE6C0 /* MADSecondViewController.m */; };
		5C8BFB25182D74F800CAE6C0 /* second.png in Resources */ = {isa = PBXBuildFile; fileRef = 5C8BFB24182D74F800CAE6C0 /* second.png */; };
		5C8BFB27182D74F800CAE6C0 /* second@2x.png in Resources */ = {isa = PBXBuildFile; fileRef = 5C8BFB26182D74F800CAE6C0 /* second@2x.png */; };
		5C8BFB2E182D75F900CAE6C0 /* MapKit.framework in Frameworks */ = {isa = PBXBuildFile; fileRef = 5C8BFB2D182D75F900CAE6C0 /* MapKit.framework */; };
		5C8BFB30182D760D00CAE6C0 /* CoreLocation.framework in Frameworks */ = {isa = PBXBuildFile; fileRef = 5C8BFB2F182D760D00CAE6C0 /* CoreLocation.framework */; };
		5C8BFB33182ECCE300CAE6C0 /* MADAnnotation.m in Sources */ = {isa = PBXBuildFile; fileRef = 5C8BFB32182ECCE300CAE6C0 /* MADAnnotation.m */; };
		5C8BFB36182EE5D700CAE6C0 /* MADWebViewController.m in Sources */ = {isa = PBXBuildFile; fileRef = 5C8BFB35182EE5D700CAE6C0 /* MADWebViewController.m */; };
		5C8BFB39182EF3D100CAE6C0 /* MADTableViewController.m in Sources */ = {isa = PBXBuildFile; fileRef = 5C8BFB38182EF3D000CAE6C0 /* MADTableViewController.m */; };
/* End PBXBuildFile section */

/* Begin PBXFileReference section */
		5C8BFAFC182D74F800CAE6C0 /* iPlaces.app */ = {isa = PBXFileReference; explicitFileType = wrapper.application; includeInIndex = 0; path = iPlaces.app; sourceTree = BUILT_PRODUCTS_DIR; };
		5C8BFAFF182D74F800CAE6C0 /* UIKit.framework */ = {isa = PBXFileReference; lastKnownFileType = wrapper.framework; name = UIKit.framework; path = System/Library/Frameworks/UIKit.framework; sourceTree = SDKROOT; };
		5C8BFB01182D74F800CAE6C0 /* Foundation.framework */ = {isa = PBXFileReference; lastKnownFileType = wrapper.framework; name = Foundation.framework; path = System/Library/Frameworks/Foundation.framework; sourceTree = SDKROOT; };
		5C8BFB03182D74F800CAE6C0 /* CoreGraphics.framework */ = {isa = PBXFileReference; lastKnownFileType = wrapper.framework; name = CoreGraphics.framework; path = System/Library/Frameworks/CoreGraphics.framework; sourceTree = SDKROOT; };
		5C8BFB07182D74F800CAE6C0 /* iPlaces-Info.plist */ = {isa = PBXFileReference; lastKnownFileType = text.plist.xml; path = "iPlaces-Info.plist"; sourceTree = "<group>"; };
		5C8BFB09182D74F800CAE6C0 /* en */ = {isa = PBXFileReference; lastKnownFileType = text.plist.strings; name = en; path = en.lproj/InfoPlist.strings; sourceTree = "<group>"; };
		5C8BFB0B182D74F800CAE6C0 /* main.m */ = {isa = PBXFileReference; lastKnownFileType = sourcecode.c.objc; path = main.m; sourceTree = "<group>"; };
		5C8BFB0D182D74F800CAE6C0 /* iPlaces-Prefix.pch */ = {isa = PBXFileReference; lastKnownFileType = sourcecode.c.h; path = "iPlaces-Prefix.pch"; sourceTree = "<group>"; };
		5C8BFB0E182D74F800CAE6C0 /* MADAppDelegate.h */ = {isa = PBXFileReference; lastKnownFileType = sourcecode.c.h; path = MADAppDelegate.h; sourceTree = "<group>"; };
		5C8BFB0F182D74F800CAE6C0 /* MADAppDelegate.m */ = {isa = PBXFileReference; lastKnownFileType = sourcecode.c.objc; path = MADAppDelegate.m; sourceTree = "<group>"; };
		5C8BFB11182D74F800CAE6C0 /* Default.png */ = {isa = PBXFileReference; lastKnownFileType = image.png; path = Default.png; sourceTree = "<group>"; };
		5C8BFB13182D74F800CAE6C0 /* Default@2x.png */ = {isa = PBXFileReference; lastKnownFileType = image.png; path = "Default@2x.png"; sourceTree = "<group>"; };
		5C8BFB15182D74F800CAE6C0 /* Default-568h@2x.png */ = {isa = PBXFileReference; lastKnownFileType = image.png; path = "Default-568h@2x.png"; sourceTree = "<group>"; };
		5C8BFB1A182D74F800CAE6C0 /* MADFirstViewController.h */ = {isa = PBXFileReference; lastKnownFileType = sourcecode.c.h; path = MADFirstViewController.h; sourceTree = "<group>"; };
		5C8BFB1B182D74F800CAE6C0 /* MADFirstViewController.m */ = {isa = PBXFileReference; lastKnownFileType = sourcecode.c.objc; path = MADFirstViewController.m; sourceTree = "<group>"; };
		5C8BFB1D182D74F800CAE6C0 /* first.png */ = {isa = PBXFileReference; lastKnownFileType = image.png; path = first.png; sourceTree = "<group>"; };
		5C8BFB1F182D74F800CAE6C0 /* first@2x.png */ = {isa = PBXFileReference; lastKnownFileType = image.png; path = "first@2x.png"; sourceTree = "<group>"; };
		5C8BFB21182D74F800CAE6C0 /* MADSecondViewController.h */ = {isa = PBXFileReference; lastKnownFileType = sourcecode.c.h; path = MADSecondViewController.h; sourceTree = "<group>"; };
		5C8BFB22182D74F800CAE6C0 /* MADSecondViewController.m */ = {isa = PBXFileReference; lastKnownFileType = sourcecode.c.objc; path = MADSecondViewController.m; sourceTree = "<group>"; };
		5C8BFB24182D74F800CAE6C0 /* second.png */ = {isa = PBXFileReference; lastKnownFileType = image.png; path = second.png; sourceTree = "<group>"; };
		5C8BFB26182D74F800CAE6C0 /* second@2x.png */ = {isa = PBXFileReference; lastKnownFileType = image.png; path = "second@2x.png"; sourceTree = "<group>"; };
		5C8BFB2D182D75F900CAE6C0 /* MapKit.framework */ = {isa = PBXFileReference; lastKnownFileType = wrapper.framework; name = MapKit.framework; path = System/Library/Frameworks/MapKit.framework; sourceTree = SDKROOT; };
		5C8BFB2F182D760D00CAE6C0 /* CoreLocation.framework */ = {isa = PBXFileReference; lastKnownFileType = wrapper.framework; name = CoreLocation.framework; path = System/Library/Frameworks/CoreLocation.framework; sourceTree = SDKROOT; };
		5C8BFB31182ECCE300CAE6C0 /* MADAnnotation.h */ = {isa = PBXFileReference; fileEncoding = 4; lastKnownFileType = sourcecode.c.h; path = MADAnnotation.h; sourceTree = "<group>"; };
		5C8BFB32182ECCE300CAE6C0 /* MADAnnotation.m */ = {isa = PBXFileReference; fileEncoding = 4; lastKnownFileType = sourcecode.c.objc; path = MADAnnotation.m; sourceTree = "<group>"; };
		5C8BFB34182EE5D700CAE6C0 /* MADWebViewController.h */ = {isa = PBXFileReference; fileEncoding = 4; lastKnownFileType = sourcecode.c.h; path = MADWebViewController.h; sourceTree = "<group>"; };
		5C8BFB35182EE5D700CAE6C0 /* MADWebViewController.m */ = {isa = PBXFileReference; fileEncoding = 4; lastKnownFileType = sourcecode.c.objc; path = MADWebViewController.m; sourceTree = "<group>"; };
		5C8BFB37182EF3D000CAE6C0 /* MADTableViewController.h */ = {isa = PBXFileReference; fileEncoding = 4; lastKnownFileType = sourcecode.c.h; path = MADTableViewController.h; sourceTree = "<group>"; };
		5C8BFB38182EF3D000CAE6C0 /* MADTableViewController.m */ = {isa = PBXFileReference; fileEncoding = 4; lastKnownFileType = sourcecode.c.objc; path = MADTableViewController.m; sourceTree = "<group>"; };
/* End PBXFileReference section */

/* Begin PBXFrameworksBuildPhase section */
		5C8BFAF9182D74F800CAE6C0 /* Frameworks */ = {
			isa = PBXFrameworksBuildPhase;
			buildActionMask = 2147483647;
			files = (
				5C8BFB30182D760D00CAE6C0 /* CoreLocation.framework in Frameworks */,
				5C8BFB2E182D75F900CAE6C0 /* MapKit.framework in Frameworks */,
				5C8BFB00182D74F800CAE6C0 /* UIKit.framework in Frameworks */,
				5C8BFB02182D74F800CAE6C0 /* Foundation.framework in Frameworks */,
				5C8BFB04182D74F800CAE6C0 /* CoreGraphics.framework in Frameworks */,
			);
			runOnlyForDeploymentPostprocessing = 0;
		};
/* End PBXFrameworksBuildPhase section */

/* Begin PBXGroup section */
		5C8BFAF3182D74F800CAE6C0 = {
			isa = PBXGroup;
			children = (
				5C8BFB05182D74F800CAE6C0 /* iPlaces */,
				5C8BFAFE182D74F800CAE6C0 /* Frameworks */,
				5C8BFAFD182D74F800CAE6C0 /* Products */,
			);
			sourceTree = "<group>";
		};
		5C8BFAFD182D74F800CAE6C0 /* Products */ = {
			isa = PBXGroup;
			children = (
				5C8BFAFC182D74F800CAE6C0 /* iPlaces.app */,
			);
			name = Products;
			sourceTree = "<group>";
		};
		5C8BFAFE182D74F800CAE6C0 /* Frameworks */ = {
			isa = PBXGroup;
			children = (
				5C8BFB2F182D760D00CAE6C0 /* CoreLocation.framework */,
				5C8BFB2D182D75F900CAE6C0 /* MapKit.framework */,
				5C8BFAFF182D74F800CAE6C0 /* UIKit.framework */,
				5C8BFB01182D74F800CAE6C0 /* Foundation.framework */,
				5C8BFB03182D74F800CAE6C0 /* CoreGraphics.framework */,
			);
			name = Frameworks;
			sourceTree = "<group>";
		};
		5C8BFB05182D74F800CAE6C0 /* iPlaces */ = {
			isa = PBXGroup;
			children = (
				5C8BFB0E182D74F800CAE6C0 /* MADAppDelegate.h */,
				5C8BFB0F182D74F800CAE6C0 /* MADAppDelegate.m */,
				5C8BFB37182EF3D000CAE6C0 /* MADTableViewController.h */,
				5C8BFB38182EF3D000CAE6C0 /* MADTableViewController.m */,
				5C8BFB34182EE5D700CAE6C0 /* MADWebViewController.h */,
				5C8BFB35182EE5D700CAE6C0 /* MADWebViewController.m */,
				5C8BFB1A182D74F800CAE6C0 /* MADFirstViewController.h */,
				5C8BFB1B182D74F800CAE6C0 /* MADFirstViewController.m */,
				5C8BFB31182ECCE300CAE6C0 /* MADAnnotation.h */,
				5C8BFB32182ECCE300CAE6C0 /* MADAnnotation.m */,
				5C8BFB1D182D74F800CAE6C0 /* first.png */,
				5C8BFB1F182D74F800CAE6C0 /* first@2x.png */,
				5C8BFB21182D74F800CAE6C0 /* MADSecondViewController.h */,
				5C8BFB22182D74F800CAE6C0 /* MADSecondViewController.m */,
				5C8BFB24182D74F800CAE6C0 /* second.png */,
				5C8BFB26182D74F800CAE6C0 /* second@2x.png */,
				5C8BFB06182D74F800CAE6C0 /* Supporting Files */,
			);
			path = iPlaces;
			sourceTree = "<group>";
		};
		5C8BFB06182D74F800CAE6C0 /* Supporting Files */ = {
			isa = PBXGroup;
			children = (
				5C8BFB07182D74F800CAE6C0 /* iPlaces-Info.plist */,
				5C8BFB08182D74F800CAE6C0 /* InfoPlist.strings */,
				5C8BFB0B182D74F800CAE6C0 /* main.m */,
				5C8BFB0D182D74F800CAE6C0 /* iPlaces-Prefix.pch */,
				5C8BFB11182D74F800CAE6C0 /* Default.png */,
				5C8BFB13182D74F800CAE6C0 /* Default@2x.png */,
				5C8BFB15182D74F800CAE6C0 /* Default-568h@2x.png */,
			);
			name = "Supporting Files";
			sourceTree = "<group>";
		};
/* End PBXGroup section */

/* Begin PBXNativeTarget section */
		5C8BFAFB182D74F800CAE6C0 /* iPlaces */ = {
			isa = PBXNativeTarget;
			buildConfigurationList = 5C8BFB2A182D74F800CAE6C0 /* Build configuration list for PBXNativeTarget "iPlaces" */;
			buildPhases = (
				5C8BFAF8182D74F800CAE6C0 /* Sources */,
				5C8BFAF9182D74F800CAE6C0 /* Frameworks */,
				5C8BFAFA182D74F800CAE6C0 /* Resources */,
			);
			buildRules = (
			);
			dependencies = (
			);
			name = iPlaces;
			productName = iPlaces;
			productReference = 5C8BFAFC182D74F800CAE6C0 /* iPlaces.app */;
			productType = "com.apple.product-type.application";
		};
/* End PBXNativeTarget section */

/* Begin PBXProject section */
		5C8BFAF4182D74F800CAE6C0 /* Project object */ = {
			isa = PBXProject;
			attributes = {
				CLASSPREFIX = MAD;
				LastUpgradeCheck = 0460;
				ORGANIZATIONNAME = "Justin Powell";
			};
			buildConfigurationList = 5C8BFAF7182D74F800CAE6C0 /* Build configuration list for PBXProject "iPlaces" */;
			compatibilityVersion = "Xcode 3.2";
			developmentRegion = English;
			hasScannedForEncodings = 0;
			knownRegions = (
				en,
			);
			mainGroup = 5C8BFAF3182D74F800CAE6C0;
			productRefGroup = 5C8BFAFD182D74F800CAE6C0 /* Products */;
			projectDirPath = "";
			projectRoot = "";
			targets = (
				5C8BFAFB182D74F800CAE6C0 /* iPlaces */,
			);
		};
/* End PBXProject section */

/* Begin PBXResourcesBuildPhase section */
		5C8BFAFA182D74F800CAE6C0 /* Resources */ = {
			isa = PBXResourcesBuildPhase;
			buildActionMask = 2147483647;
			files = (
				5C8BFB0A182D74F800CAE6C0 /* InfoPlist.strings in Resources */,
				5C8BFB12182D74F800CAE6C0 /* Default.png in Resources */,
				5C8BFB14182D74F800CAE6C0 /* Default@2x.png in Resources */,
				5C8BFB16182D74F800CAE6C0 /* Default-568h@2x.png in Resources */,
				5C8BFB1E182D74F800CAE6C0 /* first.png in Resources */,
				5C8BFB20182D74F800CAE6C0 /* first@2x.png in Resources */,
				5C8BFB25182D74F800CAE6C0 /* second.png in Resources */,
				5C8BFB27182D74F800CAE6C0 /* second@2x.png in Resources */,
			);
			runOnlyForDeploymentPostprocessing = 0;
		};
/* End PBXResourcesBuildPhase section */

/* Begin PBXSourcesBuildPhase section */
		5C8BFAF8182D74F800CAE6C0 /* Sources */ = {
			isa = PBXSourcesBuildPhase;
			buildActionMask = 2147483647;
			files = (
				5C8BFB0C182D74F800CAE6C0 /* main.m in Sources */,
				5C8BFB10182D74F800CAE6C0 /* MADAppDelegate.m in Sources */,
				5C8BFB1C182D74F800CAE6C0 /* MADFirstViewController.m in Sources */,
				5C8BFB23182D74F800CAE6C0 /* MADSecondViewController.m in Sources */,
				5C8BFB33182ECCE300CAE6C0 /* MADAnnotation.m in Sources */,
				5C8BFB36182EE5D700CAE6C0 /* MADWebViewController.m in Sources */,
				5C8BFB39182EF3D100CAE6C0 /* MADTableViewController.m in Sources */,
			);
			runOnlyForDeploymentPostprocessing = 0;
		};
/* End PBXSourcesBuildPhase section */

/* Begin PBXVariantGroup section */
		5C8BFB08182D74F800CAE6C0 /* InfoPlist.strings */ = {
			isa = PBXVariantGroup;
			children = (
				5C8BFB09182D74F800CAE6C0 /* en */,
			);
			name = InfoPlist.strings;
			sourceTree = "<group>";
		};
/* End PBXVariantGroup section */

/* Begin XCBuildConfiguration section */
		5C8BFB28182D74F800CAE6C0 /* Debug */ = {
			isa = XCBuildConfiguration;
			buildSettings = {
				ALWAYS_SEARCH_USER_PATHS = NO;
				CLANG_CXX_LANGUAGE_STANDARD = "gnu++0x";
				CLANG_CXX_LIBRARY = "libc++";
				CLANG_ENABLE_OBJC_ARC = YES;
				CLANG_WARN_CONSTANT_CONVERSION = YES;
				CLANG_WARN_EMPTY_BODY = YES;
				CLANG_WARN_ENUM_CONVERSION = YES;
				CLANG_WARN_INT_CONVERSION = YES;
				CLANG_WARN__DUPLICATE_METHOD_MATCH = YES;
				"CODE_SIGN_IDENTITY[sdk=iphoneos*]" = "iPhone Developer";
				COPY_PHASE_STRIP = NO;
				GCC_C_LANGUAGE_STANDARD = gnu99;
				GCC_DYNAMIC_NO_PIC = NO;
				GCC_OPTIMIZATION_LEVEL = 0;
				GCC_PREPROCESSOR_DEFINITIONS = (
					"DEBUG=1",
					"$(inherited)",
				);
				GCC_SYMBOLS_PRIVATE_EXTERN = NO;
				GCC_WARN_ABOUT_RETURN_TYPE = YES;
				GCC_WARN_UNINITIALIZED_AUTOS = YES;
				GCC_WARN_UNUSED_VARIABLE = YES;
				IPHONEOS_DEPLOYMENT_TARGET = 6.1;
				ONLY_ACTIVE_ARCH = YES;
				SDKROOT = iphoneos;
			};
			name = Debug;
		};
		5C8BFB29182D74F800CAE6C0 /* Release */ = {
			isa = XCBuildConfiguration;
			buildSettings = {
				ALWAYS_SEARCH_USER_PATHS = NO;
				CLANG_CXX_LANGUAGE_STANDARD = "gnu++0x";
				CLANG_CXX_LIBRARY = "libc++";
				CLANG_ENABLE_OBJC_ARC = YES;
				CLANG_WARN_CONSTANT_CONVERSION = YES;
				CLANG_WARN_EMPTY_BODY = YES;
				CLANG_WARN_ENUM_CONVERSION = YES;
				CLANG_WARN_INT_CONVERSION = YES;
				CLANG_WARN__DUPLICATE_METHOD_MATCH = YES;
				"CODE_SIGN_IDENTITY[sdk=iphoneos*]" = "iPhone Developer";
				COPY_PHASE_STRIP = YES;
				GCC_C_LANGUAGE_STANDARD = gnu99;
				GCC_WARN_ABOUT_RETURN_TYPE = YES;
				GCC_WARN_UNINITIALIZED_AUTOS = YES;
				GCC_WARN_UNUSED_VARIABLE = YES;
				IPHONEOS_DEPLOYMENT_TARGET = 6.1;
				OTHER_CFLAGS = "-DNS_BLOCK_ASSERTIONS=1";
				SDKROOT = iphoneos;
				VALIDATE_PRODUCT = YES;
			};
			name = Release;
		};
		5C8BFB2B182D74F800CAE6C0 /* Debug */ = {
			isa = XCBuildConfiguration;
			buildSettings = {
				GCC_PRECOMPILE_PREFIX_HEADER = YES;
				GCC_PREFIX_HEADER = "iPlaces/iPlaces-Prefix.pch";
				INFOPLIST_FILE = "iPlaces/iPlaces-Info.plist";
				PRODUCT_NAME = "$(TARGET_NAME)";
				WRAPPER_EXTENSION = app;
			};
			name = Debug;
		};
		5C8BFB2C182D74F800CAE6C0 /* Release */ = {
			isa = XCBuildConfiguration;
			buildSettings = {
				GCC_PRECOMPILE_PREFIX_HEADER = YES;
				GCC_PREFIX_HEADER = "iPlaces/iPlaces-Prefix.pch";
				INFOPLIST_FILE = "iPlaces/iPlaces-Info.plist";
				PRODUCT_NAME = "$(TARGET_NAME)";
				WRAPPER_EXTENSION = app;
			};
			name = Release;
		};
/* End XCBuildConfiguration section */

/* Begin XCConfigurationList section */
		5C8BFAF7182D74F800CAE6C0 /* Build configuration list for PBXProject "iPlaces" */ = {
			isa = XCConfigurationList;
			buildConfigurations = (
				5C8BFB28182D74F800CAE6C0 /* Debug */,
				5C8BFB29182D74F800CAE6C0 /* Release */,
			);
			defaultConfigurationIsVisible = 0;
			defaultConfigurationName = Release;
		};
		5C8BFB2A182D74F800CAE6C0 /* Build configuration list for PBXNativeTarget "iPlaces" */ = {
			isa = XCConfigurationList;
			buildConfigurations = (
				5C8BFB2B182D74F800CAE6C0 /* Debug */,
				5C8BFB2C182D74F800CAE6C0 /* Release */,
			);
			defaultConfigurationIsVisible = 0;
			defaultConfigurationName = Release;
		};
/* End XCConfigurationList section */
	};
	rootObject = 5C8BFAF4182D74F800CAE6C0 /* Project object */;
}
