// !$*UTF8*$!
{
	archiveVersion = 1;
	classes = {
	};
	objectVersion = 46;
	objects = {

/* Begin PBXBuildFile section */
		FE6344D917F20019001AC925 /* UIKit.framework in Frameworks */ = {isa = PBXBuildFile; fileRef = FE6344D817F20018001AC925 /* UIKit.framework */; };
		FE6344DB17F20019001AC925 /* Foundation.framework in Frameworks */ = {isa = PBXBuildFile; fileRef = FE6344DA17F20019001AC925 /* Foundation.framework */; };
		FE6344DD17F20019001AC925 /* CoreGraphics.framework in Frameworks */ = {isa = PBXBuildFile; fileRef = FE6344DC17F20019001AC925 /* CoreGraphics.framework */; };
		FE6344E317F20019001AC925 /* InfoPlist.strings in Resources */ = {isa = PBXBuildFile; fileRef = FE6344E117F20019001AC925 /* InfoPlist.strings */; };
		FE6344E517F20019001AC925 /* main.m in Sources */ = {isa = PBXBuildFile; fileRef = FE6344E417F20019001AC925 /* main.m */; };
		FE6344E917F20019001AC925 /* MADAppDelegate.m in Sources */ = {isa = PBXBuildFile; fileRef = FE6344E817F20019001AC925 /* MADAppDelegate.m */; };
		FE6344EB17F20019001AC925 /* Default.png in Resources */ = {isa = PBXBuildFile; fileRef = FE6344EA17F20019001AC925 /* Default.png */; };
		FE6344ED17F20019001AC925 /* Default@2x.png in Resources */ = {isa = PBXBuildFile; fileRef = FE6344EC17F20019001AC925 /* Default@2x.png */; };
		FE6344EF17F20019001AC925 /* Default-568h@2x.png in Resources */ = {isa = PBXBuildFile; fileRef = FE6344EE17F20019001AC925 /* Default-568h@2x.png */; };
		FE6344F217F20019001AC925 /* MADViewController.m in Sources */ = {isa = PBXBuildFile; fileRef = FE6344F117F20019001AC925 /* MADViewController.m */; };
		FE6344F517F20019001AC925 /* MADViewController.xib in Resources */ = {isa = PBXBuildFile; fileRef = FE6344F317F20019001AC925 /* MADViewController.xib */; };
/* End PBXBuildFile section */

/* Begin PBXFileReference section */
		FE6344D517F20018001AC925 /* Chapter5.app */ = {isa = PBXFileReference; explicitFileType = wrapper.application; includeInIndex = 0; path = Chapter5.app; sourceTree = BUILT_PRODUCTS_DIR; };
		FE6344D817F20018001AC925 /* UIKit.framework */ = {isa = PBXFileReference; lastKnownFileType = wrapper.framework; name = UIKit.framework; path = System/Library/Frameworks/UIKit.framework; sourceTree = SDKROOT; };
		FE6344DA17F20019001AC925 /* Foundation.framework */ = {isa = PBXFileReference; lastKnownFileType = wrapper.framework; name = Foundation.framework; path = System/Library/Frameworks/Foundation.framework; sourceTree = SDKROOT; };
		FE6344DC17F20019001AC925 /* CoreGraphics.framework */ = {isa = PBXFileReference; lastKnownFileType = wrapper.framework; name = CoreGraphics.framework; path = System/Library/Frameworks/CoreGraphics.framework; sourceTree = SDKROOT; };
		FE6344E017F20019001AC925 /* Chapter5-Info.plist */ = {isa = PBXFileReference; lastKnownFileType = text.plist.xml; path = "Chapter5-Info.plist"; sourceTree = "<group>"; };
		FE6344E217F20019001AC925 /* en */ = {isa = PBXFileReference; lastKnownFileType = text.plist.strings; name = en; path = en.lproj/InfoPlist.strings; sourceTree = "<group>"; };
		FE6344E417F20019001AC925 /* main.m */ = {isa = PBXFileReference; lastKnownFileType = sourcecode.c.objc; path = main.m; sourceTree = "<group>"; };
		FE6344E617F20019001AC925 /* Chapter5-Prefix.pch */ = {isa = PBXFileReference; lastKnownFileType = sourcecode.c.h; path = "Chapter5-Prefix.pch"; sourceTree = "<group>"; };
		FE6344E717F20019001AC925 /* MADAppDelegate.h */ = {isa = PBXFileReference; lastKnownFileType = sourcecode.c.h; path = MADAppDelegate.h; sourceTree = "<group>"; };
		FE6344E817F20019001AC925 /* MADAppDelegate.m */ = {isa = PBXFileReference; lastKnownFileType = sourcecode.c.objc; path = MADAppDelegate.m; sourceTree = "<group>"; };
		FE6344EA17F20019001AC925 /* Default.png */ = {isa = PBXFileReference; lastKnownFileType = image.png; path = Default.png; sourceTree = "<group>"; };
		FE6344EC17F20019001AC925 /* Default@2x.png */ = {isa = PBXFileReference; lastKnownFileType = image.png; path = "Default@2x.png"; sourceTree = "<group>"; };
		FE6344EE17F20019001AC925 /* Default-568h@2x.png */ = {isa = PBXFileReference; lastKnownFileType = image.png; path = "Default-568h@2x.png"; sourceTree = "<group>"; };
		FE6344F017F20019001AC925 /* MADViewController.h */ = {isa = PBXFileReference; lastKnownFileType = sourcecode.c.h; path = MADViewController.h; sourceTree = "<group>"; };
		FE6344F117F20019001AC925 /* MADViewController.m */ = {isa = PBXFileReference; lastKnownFileType = sourcecode.c.objc; path = MADViewController.m; sourceTree = "<group>"; };
		FE6344F417F20019001AC925 /* en */ = {isa = PBXFileReference; lastKnownFileType = file.xib; name = en; path = en.lproj/MADViewController.xib; sourceTree = "<group>"; };
/* End PBXFileReference section */

/* Begin PBXFrameworksBuildPhase section */
		FE6344D217F20018001AC925 /* Frameworks */ = {
			isa = PBXFrameworksBuildPhase;
			buildActionMask = 2147483647;
			files = (
				FE6344D917F20019001AC925 /* UIKit.framework in Frameworks */,
				FE6344DB17F20019001AC925 /* Foundation.framework in Frameworks */,
				FE6344DD17F20019001AC925 /* CoreGraphics.framework in Frameworks */,
			);
			runOnlyForDeploymentPostprocessing = 0;
		};
/* End PBXFrameworksBuildPhase section */

/* Begin PBXGroup section */
		FE6344CC17F20018001AC925 = {
			isa = PBXGroup;
			children = (
				FE6344DE17F20019001AC925 /* Chapter5 */,
				FE6344D717F20018001AC925 /* Frameworks */,
				FE6344D617F20018001AC925 /* Products */,
			);
			sourceTree = "<group>";
		};
		FE6344D617F20018001AC925 /* Products */ = {
			isa = PBXGroup;
			children = (
				FE6344D517F20018001AC925 /* Chapter5.app */,
			);
			name = Products;
			sourceTree = "<group>";
		};
		FE6344D717F20018001AC925 /* Frameworks */ = {
			isa = PBXGroup;
			children = (
				FE6344D817F20018001AC925 /* UIKit.framework */,
				FE6344DA17F20019001AC925 /* Foundation.framework */,
				FE6344DC17F20019001AC925 /* CoreGraphics.framework */,
			);
			name = Frameworks;
			sourceTree = "<group>";
		};
		FE6344DE17F20019001AC925 /* Chapter5 */ = {
			isa = PBXGroup;
			children = (
				FE6344E717F20019001AC925 /* MADAppDelegate.h */,
				FE6344E817F20019001AC925 /* MADAppDelegate.m */,
				FE6344F017F20019001AC925 /* MADViewController.h */,
				FE6344F117F20019001AC925 /* MADViewController.m */,
				FE6344F317F20019001AC925 /* MADViewController.xib */,
				FE6344DF17F20019001AC925 /* Supporting Files */,
			);
			path = Chapter5;
			sourceTree = "<group>";
		};
		FE6344DF17F20019001AC925 /* Supporting Files */ = {
			isa = PBXGroup;
			children = (
				FE6344E017F20019001AC925 /* Chapter5-Info.plist */,
				FE6344E117F20019001AC925 /* InfoPlist.strings */,
				FE6344E417F20019001AC925 /* main.m */,
				FE6344E617F20019001AC925 /* Chapter5-Prefix.pch */,
				FE6344EA17F20019001AC925 /* Default.png */,
				FE6344EC17F20019001AC925 /* Default@2x.png */,
				FE6344EE17F20019001AC925 /* Default-568h@2x.png */,
			);
			name = "Supporting Files";
			sourceTree = "<group>";
		};
/* End PBXGroup section */

/* Begin PBXNativeTarget section */
		FE6344D417F20018001AC925 /* Chapter5 */ = {
			isa = PBXNativeTarget;
			buildConfigurationList = FE6344F817F20019001AC925 /* Build configuration list for PBXNativeTarget "Chapter5" */;
			buildPhases = (
				FE6344D117F20018001AC925 /* Sources */,
				FE6344D217F20018001AC925 /* Frameworks */,
				FE6344D317F20018001AC925 /* Resources */,
			);
			buildRules = (
			);
			dependencies = (
			);
			name = Chapter5;
			productName = Chapter5;
			productReference = FE6344D517F20018001AC925 /* Chapter5.app */;
			productType = "com.apple.product-type.application";
		};
/* End PBXNativeTarget section */

/* Begin PBXProject section */
		FE6344CD17F20018001AC925 /* Project object */ = {
			isa = PBXProject;
			attributes = {
				CLASSPREFIX = MAD;
				LastUpgradeCheck = 0460;
				ORGANIZATIONNAME = "Justin Richard Powell";
			};
			buildConfigurationList = FE6344D017F20018001AC925 /* Build configuration list for PBXProject "Chapter5" */;
			compatibilityVersion = "Xcode 3.2";
			developmentRegion = English;
			hasScannedForEncodings = 0;
			knownRegions = (
				en,
			);
			mainGroup = FE6344CC17F20018001AC925;
			productRefGroup = FE6344D617F20018001AC925 /* Products */;
			projectDirPath = "";
			projectRoot = "";
			targets = (
				FE6344D417F20018001AC925 /* Chapter5 */,
			);
		};
/* End PBXProject section */

/* Begin PBXResourcesBuildPhase section */
		FE6344D317F20018001AC925 /* Resources */ = {
			isa = PBXResourcesBuildPhase;
			buildActionMask = 2147483647;
			files = (
				FE6344E317F20019001AC925 /* InfoPlist.strings in Resources */,
				FE6344EB17F20019001AC925 /* Default.png in Resources */,
				FE6344ED17F20019001AC925 /* Default@2x.png in Resources */,
				FE6344EF17F20019001AC925 /* Default-568h@2x.png in Resources */,
				FE6344F517F20019001AC925 /* MADViewController.xib in Resources */,
			);
			runOnlyForDeploymentPostprocessing = 0;
		};
/* End PBXResourcesBuildPhase section */

/* Begin PBXSourcesBuildPhase section */
		FE6344D117F20018001AC925 /* Sources */ = {
			isa = PBXSourcesBuildPhase;
			buildActionMask = 2147483647;
			files = (
				FE6344E517F20019001AC925 /* main.m in Sources */,
				FE6344E917F20019001AC925 /* MADAppDelegate.m in Sources */,
				FE6344F217F20019001AC925 /* MADViewController.m in Sources */,
			);
			runOnlyForDeploymentPostprocessing = 0;
		};
/* End PBXSourcesBuildPhase section */

/* Begin PBXVariantGroup section */
		FE6344E117F20019001AC925 /* InfoPlist.strings */ = {
			isa = PBXVariantGroup;
			children = (
				FE6344E217F20019001AC925 /* en */,
			);
			name = InfoPlist.strings;
			sourceTree = "<group>";
		};
		FE6344F317F20019001AC925 /* MADViewController.xib */ = {
			isa = PBXVariantGroup;
			children = (
				FE6344F417F20019001AC925 /* en */,
			);
			name = MADViewController.xib;
			sourceTree = "<group>";
		};
/* End PBXVariantGroup section */

/* Begin XCBuildConfiguration section */
		FE6344F617F20019001AC925 /* Debug */ = {
			isa = XCBuildConfiguration;
			buildSettings = {
				ALWAYS_SEARCH_USER_PATHS = NO;
				CLANG_CXX_LANGUAGE_STANDARD = "gnu++0x";
				CLANG_CXX_LIBRARY = "libc++";
				CLANG_ENABLE_OBJC_ARC = YES;
				CLANG_WARN_CONSTANT_CONVERSION = YES;
				CLANG_WARN_EMPTY_BODY = YES;
				CLANG_WARN_ENUM_CONVERSION = YES;
				CLANG_WARN_INT_CONVERSION = YES;
				CLANG_WARN__DUPLICATE_METHOD_MATCH = YES;
				"CODE_SIGN_IDENTITY[sdk=iphoneos*]" = "iPhone Developer";
				COPY_PHASE_STRIP = NO;
				GCC_C_LANGUAGE_STANDARD = gnu99;
				GCC_DYNAMIC_NO_PIC = NO;
				GCC_OPTIMIZATION_LEVEL = 0;
				GCC_PREPROCESSOR_DEFINITIONS = (
					"DEBUG=1",
					"$(inherited)",
				);
				GCC_SYMBOLS_PRIVATE_EXTERN = NO;
				GCC_WARN_ABOUT_RETURN_TYPE = YES;
				GCC_WARN_UNINITIALIZED_AUTOS = YES;
				GCC_WARN_UNUSED_VARIABLE = YES;
				IPHONEOS_DEPLOYMENT_TARGET = 6.1;
				ONLY_ACTIVE_ARCH = YES;
				SDKROOT = iphoneos;
			};
			name = Debug;
		};
		FE6344F717F20019001AC925 /* Release */ = {
			isa = XCBuildConfiguration;
			buildSettings = {
				ALWAYS_SEARCH_USER_PATHS = NO;
				CLANG_CXX_LANGUAGE_STANDARD = "gnu++0x";
				CLANG_CXX_LIBRARY = "libc++";
				CLANG_ENABLE_OBJC_ARC = YES;
				CLANG_WARN_CONSTANT_CONVERSION = YES;
				CLANG_WARN_EMPTY_BODY = YES;
				CLANG_WARN_ENUM_CONVERSION = YES;
				CLANG_WARN_INT_CONVERSION = YES;
				CLANG_WARN__DUPLICATE_METHOD_MATCH = YES;
				"CODE_SIGN_IDENTITY[sdk=iphoneos*]" = "iPhone Developer";
				COPY_PHASE_STRIP = YES;
				GCC_C_LANGUAGE_STANDARD = gnu99;
				GCC_WARN_ABOUT_RETURN_TYPE = YES;
				GCC_WARN_UNINITIALIZED_AUTOS = YES;
				GCC_WARN_UNUSED_VARIABLE = YES;
				IPHONEOS_DEPLOYMENT_TARGET = 6.1;
				OTHER_CFLAGS = "-DNS_BLOCK_ASSERTIONS=1";
				SDKROOT = iphoneos;
				VALIDATE_PRODUCT = YES;
			};
			name = Release;
		};
		FE6344F917F20019001AC925 /* Debug */ = {
			isa = XCBuildConfiguration;
			buildSettings = {
				GCC_PRECOMPILE_PREFIX_HEADER = YES;
				GCC_PREFIX_HEADER = "Chapter5/Chapter5-Prefix.pch";
				INFOPLIST_FILE = "Chapter5/Chapter5-Info.plist";
				PRODUCT_NAME = "$(TARGET_NAME)";
				WRAPPER_EXTENSION = app;
			};
			name = Debug;
		};
		FE6344FA17F20019001AC925 /* Release */ = {
			isa = XCBuildConfiguration;
			buildSettings = {
				GCC_PRECOMPILE_PREFIX_HEADER = YES;
				GCC_PREFIX_HEADER = "Chapter5/Chapter5-Prefix.pch";
				INFOPLIST_FILE = "Chapter5/Chapter5-Info.plist";
				PRODUCT_NAME = "$(TARGET_NAME)";
				WRAPPER_EXTENSION = app;
			};
			name = Release;
		};
/* End XCBuildConfiguration section */

/* Begin XCConfigurationList section */
		FE6344D017F20018001AC925 /* Build configuration list for PBXProject "Chapter5" */ = {
			isa = XCConfigurationList;
			buildConfigurations = (
				FE6344F617F20019001AC925 /* Debug */,
				FE6344F717F20019001AC925 /* Release */,
			);
			defaultConfigurationIsVisible = 0;
			defaultConfigurationName = Release;
		};
		FE6344F817F20019001AC925 /* Build configuration list for PBXNativeTarget "Chapter5" */ = {
			isa = XCConfigurationList;
			buildConfigurations = (
				FE6344F917F20019001AC925 /* Debug */,
				FE6344FA17F20019001AC925 /* Release */,
			);
			defaultConfigurationIsVisible = 0;
		};
/* End XCConfigurationList section */
	};
	rootObject = FE6344CD17F20018001AC925 /* Project object */;
}
