// !$*UTF8*$!
{
	archiveVersion = 1;
	classes = {
	};
	objectVersion = 46;
	objects = {

/* Begin PBXBuildFile section */
		5CFFC7661806FEBD000D6596 /* UIKit.framework in Frameworks */ = {isa = PBXBuildFile; fileRef = 5CFFC7651806FEBD000D6596 /* UIKit.framework */; };
		5CFFC7681806FEBD000D6596 /* Foundation.framework in Frameworks */ = {isa = PBXBuildFile; fileRef = 5CFFC7671806FEBD000D6596 /* Foundation.framework */; };
		5CFFC76A1806FEBD000D6596 /* CoreGraphics.framework in Frameworks */ = {isa = PBXBuildFile; fileRef = 5CFFC7691806FEBD000D6596 /* CoreGraphics.framework */; };
		5CFFC7701806FEBD000D6596 /* InfoPlist.strings in Resources */ = {isa = PBXBuildFile; fileRef = 5CFFC76E1806FEBD000D6596 /* InfoPlist.strings */; };
		5CFFC7721806FEBD000D6596 /* main.m in Sources */ = {isa = PBXBuildFile; fileRef = 5CFFC7711806FEBD000D6596 /* main.m */; };
		5CFFC7761806FEBD000D6596 /* MADAppDelegate.m in Sources */ = {isa = PBXBuildFile; fileRef = 5CFFC7751806FEBD000D6596 /* MADAppDelegate.m */; };
		5CFFC7781806FEBD000D6596 /* Default.png in Resources */ = {isa = PBXBuildFile; fileRef = 5CFFC7771806FEBD000D6596 /* Default.png */; };
		5CFFC77A1806FEBD000D6596 /* Default@2x.png in Resources */ = {isa = PBXBuildFile; fileRef = 5CFFC7791806FEBD000D6596 /* Default@2x.png */; };
		5CFFC77C1806FEBD000D6596 /* Default-568h@2x.png in Resources */ = {isa = PBXBuildFile; fileRef = 5CFFC77B1806FEBD000D6596 /* Default-568h@2x.png */; };
		5CFFC77F1806FEBD000D6596 /* MainStoryboard.storyboard in Resources */ = {isa = PBXBuildFile; fileRef = 5CFFC77D1806FEBD000D6596 /* MainStoryboard.storyboard */; };
		5CFFC7821806FEBD000D6596 /* MADViewController.m in Sources */ = {isa = PBXBuildFile; fileRef = 5CFFC7811806FEBD000D6596 /* MADViewController.m */; };
		5CFFC78D1807039F000D6596 /* Scene2ViewController.m in Sources */ = {isa = PBXBuildFile; fileRef = 5CFFC78C1807039F000D6596 /* Scene2ViewController.m */; };
		5CFFC79018070706000D6596 /* Favorite.m in Sources */ = {isa = PBXBuildFile; fileRef = 5CFFC78F18070706000D6596 /* Favorite.m */; };
/* End PBXBuildFile section */

/* Begin PBXFileReference section */
		5CFFC7621806FEBD000D6596 /* lab9.app */ = {isa = PBXFileReference; explicitFileType = wrapper.application; includeInIndex = 0; path = lab9.app; sourceTree = BUILT_PRODUCTS_DIR; };
		5CFFC7651806FEBD000D6596 /* UIKit.framework */ = {isa = PBXFileReference; lastKnownFileType = wrapper.framework; name = UIKit.framework; path = System/Library/Frameworks/UIKit.framework; sourceTree = SDKROOT; };
		5CFFC7671806FEBD000D6596 /* Foundation.framework */ = {isa = PBXFileReference; lastKnownFileType = wrapper.framework; name = Foundation.framework; path = System/Library/Frameworks/Foundation.framework; sourceTree = SDKROOT; };
		5CFFC7691806FEBD000D6596 /* CoreGraphics.framework */ = {isa = PBXFileReference; lastKnownFileType = wrapper.framework; name = CoreGraphics.framework; path = System/Library/Frameworks/CoreGraphics.framework; sourceTree = SDKROOT; };
		5CFFC76D1806FEBD000D6596 /* lab9-Info.plist */ = {isa = PBXFileReference; lastKnownFileType = text.plist.xml; path = "lab9-Info.plist"; sourceTree = "<group>"; };
		5CFFC76F1806FEBD000D6596 /* en */ = {isa = PBXFileReference; lastKnownFileType = text.plist.strings; name = en; path = en.lproj/InfoPlist.strings; sourceTree = "<group>"; };
		5CFFC7711806FEBD000D6596 /* main.m */ = {isa = PBXFileReference; lastKnownFileType = sourcecode.c.objc; path = main.m; sourceTree = "<group>"; };
		5CFFC7731806FEBD000D6596 /* lab9-Prefix.pch */ = {isa = PBXFileReference; lastKnownFileType = sourcecode.c.h; path = "lab9-Prefix.pch"; sourceTree = "<group>"; };
		5CFFC7741806FEBD000D6596 /* MADAppDelegate.h */ = {isa = PBXFileReference; lastKnownFileType = sourcecode.c.h; path = MADAppDelegate.h; sourceTree = "<group>"; };
		5CFFC7751806FEBD000D6596 /* MADAppDelegate.m */ = {isa = PBXFileReference; lastKnownFileType = sourcecode.c.objc; path = MADAppDelegate.m; sourceTree = "<group>"; };
		5CFFC7771806FEBD000D6596 /* Default.png */ = {isa = PBXFileReference; lastKnownFileType = image.png; path = Default.png; sourceTree = "<group>"; };
		5CFFC7791806FEBD000D6596 /* Default@2x.png */ = {isa = PBXFileReference; lastKnownFileType = image.png; path = "Default@2x.png"; sourceTree = "<group>"; };
		5CFFC77B1806FEBD000D6596 /* Default-568h@2x.png */ = {isa = PBXFileReference; lastKnownFileType = image.png; path = "Default-568h@2x.png"; sourceTree = "<group>"; };
		5CFFC77E1806FEBD000D6596 /* en */ = {isa = PBXFileReference; lastKnownFileType = file.storyboard; name = en; path = en.lproj/MainStoryboard.storyboard; sourceTree = "<group>"; };
		5CFFC7801806FEBD000D6596 /* MADViewController.h */ = {isa = PBXFileReference; lastKnownFileType = sourcecode.c.h; path = MADViewController.h; sourceTree = "<group>"; };
		5CFFC7811806FEBD000D6596 /* MADViewController.m */ = {isa = PBXFileReference; lastKnownFileType = sourcecode.c.objc; path = MADViewController.m; sourceTree = "<group>"; };
		5CFFC78B1807039F000D6596 /* Scene2ViewController.h */ = {isa = PBXFileReference; fileEncoding = 4; lastKnownFileType = sourcecode.c.h; name = Scene2ViewController.h; path = ../Scene2ViewController.h; sourceTree = "<group>"; };
		5CFFC78C1807039F000D6596 /* Scene2ViewController.m */ = {isa = PBXFileReference; fileEncoding = 4; lastKnownFileType = sourcecode.c.objc; name = Scene2ViewController.m; path = ../Scene2ViewController.m; sourceTree = "<group>"; };
		5CFFC78E18070706000D6596 /* Favorite.h */ = {isa = PBXFileReference; fileEncoding = 4; lastKnownFileType = sourcecode.c.h; path = Favorite.h; sourceTree = "<group>"; };
		5CFFC78F18070706000D6596 /* Favorite.m */ = {isa = PBXFileReference; fileEncoding = 4; lastKnownFileType = sourcecode.c.objc; path = Favorite.m; sourceTree = "<group>"; };
/* End PBXFileReference section */

/* Begin PBXFrameworksBuildPhase section */
		5CFFC75F1806FEBD000D6596 /* Frameworks */ = {
			isa = PBXFrameworksBuildPhase;
			buildActionMask = 2147483647;
			files = (
				5CFFC7661806FEBD000D6596 /* UIKit.framework in Frameworks */,
				5CFFC7681806FEBD000D6596 /* Foundation.framework in Frameworks */,
				5CFFC76A1806FEBD000D6596 /* CoreGraphics.framework in Frameworks */,
			);
			runOnlyForDeploymentPostprocessing = 0;
		};
/* End PBXFrameworksBuildPhase section */

/* Begin PBXGroup section */
		5CFFC7591806FEBD000D6596 = {
			isa = PBXGroup;
			children = (
				5CFFC76B1806FEBD000D6596 /* lab9 */,
				5CFFC7641806FEBD000D6596 /* Frameworks */,
				5CFFC7631806FEBD000D6596 /* Products */,
			);
			sourceTree = "<group>";
		};
		5CFFC7631806FEBD000D6596 /* Products */ = {
			isa = PBXGroup;
			children = (
				5CFFC7621806FEBD000D6596 /* lab9.app */,
			);
			name = Products;
			sourceTree = "<group>";
		};
		5CFFC7641806FEBD000D6596 /* Frameworks */ = {
			isa = PBXGroup;
			children = (
				5CFFC7651806FEBD000D6596 /* UIKit.framework */,
				5CFFC7671806FEBD000D6596 /* Foundation.framework */,
				5CFFC7691806FEBD000D6596 /* CoreGraphics.framework */,
			);
			name = Frameworks;
			sourceTree = "<group>";
		};
		5CFFC76B1806FEBD000D6596 /* lab9 */ = {
			isa = PBXGroup;
			children = (
				5CFFC7741806FEBD000D6596 /* MADAppDelegate.h */,
				5CFFC7751806FEBD000D6596 /* MADAppDelegate.m */,
				5CFFC77D1806FEBD000D6596 /* MainStoryboard.storyboard */,
				5CFFC78E18070706000D6596 /* Favorite.h */,
				5CFFC78F18070706000D6596 /* Favorite.m */,
				5CFFC7801806FEBD000D6596 /* MADViewController.h */,
				5CFFC7811806FEBD000D6596 /* MADViewController.m */,
				5CFFC78B1807039F000D6596 /* Scene2ViewController.h */,
				5CFFC78C1807039F000D6596 /* Scene2ViewController.m */,
				5CFFC76C1806FEBD000D6596 /* Supporting Files */,
			);
			path = lab9;
			sourceTree = "<group>";
		};
		5CFFC76C1806FEBD000D6596 /* Supporting Files */ = {
			isa = PBXGroup;
			children = (
				5CFFC76D1806FEBD000D6596 /* lab9-Info.plist */,
				5CFFC76E1806FEBD000D6596 /* InfoPlist.strings */,
				5CFFC7711806FEBD000D6596 /* main.m */,
				5CFFC7731806FEBD000D6596 /* lab9-Prefix.pch */,
				5CFFC7771806FEBD000D6596 /* Default.png */,
				5CFFC7791806FEBD000D6596 /* Default@2x.png */,
				5CFFC77B1806FEBD000D6596 /* Default-568h@2x.png */,
			);
			name = "Supporting Files";
			sourceTree = "<group>";
		};
/* End PBXGroup section */

/* Begin PBXNativeTarget section */
		5CFFC7611806FEBD000D6596 /* lab9 */ = {
			isa = PBXNativeTarget;
			buildConfigurationList = 5CFFC7851806FEBD000D6596 /* Build configuration list for PBXNativeTarget "lab9" */;
			buildPhases = (
				5CFFC75E1806FEBD000D6596 /* Sources */,
				5CFFC75F1806FEBD000D6596 /* Frameworks */,
				5CFFC7601806FEBD000D6596 /* Resources */,
			);
			buildRules = (
			);
			dependencies = (
			);
			name = lab9;
			productName = lab9;
			productReference = 5CFFC7621806FEBD000D6596 /* lab9.app */;
			productType = "com.apple.product-type.application";
		};
/* End PBXNativeTarget section */

/* Begin PBXProject section */
		5CFFC75A1806FEBD000D6596 /* Project object */ = {
			isa = PBXProject;
			attributes = {
				CLASSPREFIX = MAD;
				LastUpgradeCheck = 0460;
				ORGANIZATIONNAME = "Justin Powell";
			};
			buildConfigurationList = 5CFFC75D1806FEBD000D6596 /* Build configuration list for PBXProject "lab9" */;
			compatibilityVersion = "Xcode 3.2";
			developmentRegion = English;
			hasScannedForEncodings = 0;
			knownRegions = (
				en,
			);
			mainGroup = 5CFFC7591806FEBD000D6596;
			productRefGroup = 5CFFC7631806FEBD000D6596 /* Products */;
			projectDirPath = "";
			projectRoot = "";
			targets = (
				5CFFC7611806FEBD000D6596 /* lab9 */,
			);
		};
/* End PBXProject section */

/* Begin PBXResourcesBuildPhase section */
		5CFFC7601806FEBD000D6596 /* Resources */ = {
			isa = PBXResourcesBuildPhase;
			buildActionMask = 2147483647;
			files = (
				5CFFC7701806FEBD000D6596 /* InfoPlist.strings in Resources */,
				5CFFC7781806FEBD000D6596 /* Default.png in Resources */,
				5CFFC77A1806FEBD000D6596 /* Default@2x.png in Resources */,
				5CFFC77C1806FEBD000D6596 /* Default-568h@2x.png in Resources */,
				5CFFC77F1806FEBD000D6596 /* MainStoryboard.storyboard in Resources */,
			);
			runOnlyForDeploymentPostprocessing = 0;
		};
/* End PBXResourcesBuildPhase section */

/* Begin PBXSourcesBuildPhase section */
		5CFFC75E1806FEBD000D6596 /* Sources */ = {
			isa = PBXSourcesBuildPhase;
			buildActionMask = 2147483647;
			files = (
				5CFFC7721806FEBD000D6596 /* main.m in Sources */,
				5CFFC7761806FEBD000D6596 /* MADAppDelegate.m in Sources */,
				5CFFC7821806FEBD000D6596 /* MADViewController.m in Sources */,
				5CFFC78D1807039F000D6596 /* Scene2ViewController.m in Sources */,
				5CFFC79018070706000D6596 /* Favorite.m in Sources */,
			);
			runOnlyForDeploymentPostprocessing = 0;
		};
/* End PBXSourcesBuildPhase section */

/* Begin PBXVariantGroup section */
		5CFFC76E1806FEBD000D6596 /* InfoPlist.strings */ = {
			isa = PBXVariantGroup;
			children = (
				5CFFC76F1806FEBD000D6596 /* en */,
			);
			name = InfoPlist.strings;
			sourceTree = "<group>";
		};
		5CFFC77D1806FEBD000D6596 /* MainStoryboard.storyboard */ = {
			isa = PBXVariantGroup;
			children = (
				5CFFC77E1806FEBD000D6596 /* en */,
			);
			name = MainStoryboard.storyboard;
			sourceTree = "<group>";
		};
/* End PBXVariantGroup section */

/* Begin XCBuildConfiguration section */
		5CFFC7831806FEBD000D6596 /* Debug */ = {
			isa = XCBuildConfiguration;
			buildSettings = {
				ALWAYS_SEARCH_USER_PATHS = NO;
				CLANG_CXX_LANGUAGE_STANDARD = "gnu++0x";
				CLANG_CXX_LIBRARY = "libc++";
				CLANG_ENABLE_OBJC_ARC = YES;
				CLANG_WARN_CONSTANT_CONVERSION = YES;
				CLANG_WARN_EMPTY_BODY = YES;
				CLANG_WARN_ENUM_CONVERSION = YES;
				CLANG_WARN_INT_CONVERSION = YES;
				CLANG_WARN__DUPLICATE_METHOD_MATCH = YES;
				"CODE_SIGN_IDENTITY[sdk=iphoneos*]" = "iPhone Developer";
				COPY_PHASE_STRIP = NO;
				GCC_C_LANGUAGE_STANDARD = gnu99;
				GCC_DYNAMIC_NO_PIC = NO;
				GCC_OPTIMIZATION_LEVEL = 0;
				GCC_PREPROCESSOR_DEFINITIONS = (
					"DEBUG=1",
					"$(inherited)",
				);
				GCC_SYMBOLS_PRIVATE_EXTERN = NO;
				GCC_WARN_ABOUT_RETURN_TYPE = YES;
				GCC_WARN_UNINITIALIZED_AUTOS = YES;
				GCC_WARN_UNUSED_VARIABLE = YES;
				IPHONEOS_DEPLOYMENT_TARGET = 6.1;
				ONLY_ACTIVE_ARCH = YES;
				SDKROOT = iphoneos;
			};
			name = Debug;
		};
		5CFFC7841806FEBD000D6596 /* Release */ = {
			isa = XCBuildConfiguration;
			buildSettings = {
				ALWAYS_SEARCH_USER_PATHS = NO;
				CLANG_CXX_LANGUAGE_STANDARD = "gnu++0x";
				CLANG_CXX_LIBRARY = "libc++";
				CLANG_ENABLE_OBJC_ARC = YES;
				CLANG_WARN_CONSTANT_CONVERSION = YES;
				CLANG_WARN_EMPTY_BODY = YES;
				CLANG_WARN_ENUM_CONVERSION = YES;
				CLANG_WARN_INT_CONVERSION = YES;
				CLANG_WARN__DUPLICATE_METHOD_MATCH = YES;
				"CODE_SIGN_IDENTITY[sdk=iphoneos*]" = "iPhone Developer";
				COPY_PHASE_STRIP = YES;
				GCC_C_LANGUAGE_STANDARD = gnu99;
				GCC_WARN_ABOUT_RETURN_TYPE = YES;
				GCC_WARN_UNINITIALIZED_AUTOS = YES;
				GCC_WARN_UNUSED_VARIABLE = YES;
				IPHONEOS_DEPLOYMENT_TARGET = 6.1;
				OTHER_CFLAGS = "-DNS_BLOCK_ASSERTIONS=1";
				SDKROOT = iphoneos;
				VALIDATE_PRODUCT = YES;
			};
			name = Release;
		};
		5CFFC7861806FEBD000D6596 /* Debug */ = {
			isa = XCBuildConfiguration;
			buildSettings = {
				GCC_PRECOMPILE_PREFIX_HEADER = YES;
				GCC_PREFIX_HEADER = "lab9/lab9-Prefix.pch";
				INFOPLIST_FILE = "lab9/lab9-Info.plist";
				PRODUCT_NAME = "$(TARGET_NAME)";
				WRAPPER_EXTENSION = app;
			};
			name = Debug;
		};
		5CFFC7871806FEBD000D6596 /* Release */ = {
			isa = XCBuildConfiguration;
			buildSettings = {
				GCC_PRECOMPILE_PREFIX_HEADER = YES;
				GCC_PREFIX_HEADER = "lab9/lab9-Prefix.pch";
				INFOPLIST_FILE = "lab9/lab9-Info.plist";
				PRODUCT_NAME = "$(TARGET_NAME)";
				WRAPPER_EXTENSION = app;
			};
			name = Release;
		};
/* End XCBuildConfiguration section */

/* Begin XCConfigurationList section */
		5CFFC75D1806FEBD000D6596 /* Build configuration list for PBXProject "lab9" */ = {
			isa = XCConfigurationList;
			buildConfigurations = (
				5CFFC7831806FEBD000D6596 /* Debug */,
				5CFFC7841806FEBD000D6596 /* Release */,
			);
			defaultConfigurationIsVisible = 0;
			defaultConfigurationName = Release;
		};
		5CFFC7851806FEBD000D6596 /* Build configuration list for PBXNativeTarget "lab9" */ = {
			isa = XCConfigurationList;
			buildConfigurations = (
				5CFFC7861806FEBD000D6596 /* Debug */,
				5CFFC7871806FEBD000D6596 /* Release */,
			);
			defaultConfigurationIsVisible = 0;
		};
/* End XCConfigurationList section */
	};
	rootObject = 5CFFC75A1806FEBD000D6596 /* Project object */;
}
